// !$*UTF8*$!
{
	archiveVersion = 1;
	classes = {
	};
	objectVersion = 56;
	objects = {

/* Begin PBXBuildFile section */
		025C92AA2AF8525C008B9ED8 /* OnDeviceUpp5App.swift in Sources */ = {isa = PBXBuildFile; fileRef = 025C92A92AF8525C008B9ED8 /* OnDeviceUpp5App.swift */; };
		025C92AC2AF8525C008B9ED8 /* ContentView.swift in Sources */ = {isa = PBXBuildFile; fileRef = 025C92AB2AF8525C008B9ED8 /* ContentView.swift */; };
		025C92AE2AF8525E008B9ED8 /* Assets.xcassets in Resources */ = {isa = PBXBuildFile; fileRef = 025C92AD2AF8525E008B9ED8 /* Assets.xcassets */; };
		025C92B12AF8525E008B9ED8 /* Preview Assets.xcassets in Resources */ = {isa = PBXBuildFile; fileRef = 025C92B02AF8525E008B9ED8 /* Preview Assets.xcassets */; };
		025C92B82AF85289008B9ED8 /* AnimalImageFinder.mlmodel in Sources */ = {isa = PBXBuildFile; fileRef = 025C92B72AF85289008B9ED8 /* AnimalImageFinder.mlmodel */; };
		025C92BA2AF852CD008B9ED8 /* DoModel.swift in Sources */ = {isa = PBXBuildFile; fileRef = 025C92B92AF852CD008B9ED8 /* DoModel.swift */; };
/* End PBXBuildFile section */

/* Begin PBXFileReference section */
		025C92A62AF8525C008B9ED8 /* OnDeviceUpp5.app */ = {isa = PBXFileReference; explicitFileType = wrapper.application; includeInIndex = 0; path = OnDeviceUpp5.app; sourceTree = BUILT_PRODUCTS_DIR; };
		025C92A92AF8525C008B9ED8 /* OnDeviceUpp5App.swift */ = {isa = PBXFileReference; lastKnownFileType = sourcecode.swift; path = OnDeviceUpp5App.swift; sourceTree = "<group>"; };
		025C92AB2AF8525C008B9ED8 /* ContentView.swift */ = {isa = PBXFileReference; lastKnownFileType = sourcecode.swift; path = ContentView.swift; sourceTree = "<group>"; };
		025C92AD2AF8525E008B9ED8 /* Assets.xcassets */ = {isa = PBXFileReference; lastKnownFileType = folder.assetcatalog; path = Assets.xcassets; sourceTree = "<group>"; };
		025C92B02AF8525E008B9ED8 /* Preview Assets.xcassets */ = {isa = PBXFileReference; lastKnownFileType = folder.assetcatalog; path = "Preview Assets.xcassets"; sourceTree = "<group>"; };
		025C92B72AF85289008B9ED8 /* AnimalImageFinder.mlmodel */ = {isa = PBXFileReference; lastKnownFileType = file.mlmodel; name = AnimalImageFinder.mlmodel; path = ../../AnimalImageFinder.mlmodel; sourceTree = "<group>"; };
		025C92B92AF852CD008B9ED8 /* DoModel.swift */ = {isa = PBXFileReference; lastKnownFileType = sourcecode.swift; path = DoModel.swift; sourceTree = "<group>"; };
/* End PBXFileReference section */

/* Begin PBXFrameworksBuildPhase section */
		025C92A32AF8525C008B9ED8 /* Frameworks */ = {
			isa = PBXFrameworksBuildPhase;
			buildActionMask = 2147483647;
			files = (
			);
			runOnlyForDeploymentPostprocessing = 0;
		};
/* End PBXFrameworksBuildPhase section */

/* Begin PBXGroup section */
		025C929D2AF8525C008B9ED8 = {
			isa = PBXGroup;
			children = (
				025C92A82AF8525C008B9ED8 /* OnDeviceUpp5 */,
				025C92A72AF8525C008B9ED8 /* Products */,
			);
			sourceTree = "<group>";
		};
		025C92A72AF8525C008B9ED8 /* Products */ = {
			isa = PBXGroup;
			children = (
				025C92A62AF8525C008B9ED8 /* OnDeviceUpp5.app */,
			);
			name = Products;
			sourceTree = "<group>";
		};
		025C92A82AF8525C008B9ED8 /* OnDeviceUpp5 */ = {
			isa = PBXGroup;
			children = (
				025C92A92AF8525C008B9ED8 /* OnDeviceUpp5App.swift */,
				025C92AB2AF8525C008B9ED8 /* ContentView.swift */,
				025C92B92AF852CD008B9ED8 /* DoModel.swift */,
				025C92B72AF85289008B9ED8 /* AnimalImageFinder.mlmodel */,
				025C92AD2AF8525E008B9ED8 /* Assets.xcassets */,
				025C92AF2AF8525E008B9ED8 /* Preview Content */,
			);
			path = OnDeviceUpp5;
			sourceTree = "<group>";
		};
		025C92AF2AF8525E008B9ED8 /* Preview Content */ = {
			isa = PBXGroup;
			children = (
				025C92B02AF8525E008B9ED8 /* Preview Assets.xcassets */,
			);
			path = "Preview Content";
			sourceTree = "<group>";
		};
/* End PBXGroup section */

/* Begin PBXNativeTarget section */
		025C92A52AF8525C008B9ED8 /* OnDeviceUpp5 */ = {
			isa = PBXNativeTarget;
			buildConfigurationList = 025C92B42AF8525E008B9ED8 /* Build configuration list for PBXNativeTarget "OnDeviceUpp5" */;
			buildPhases = (
				025C92A22AF8525C008B9ED8 /* Sources */,
				025C92A32AF8525C008B9ED8 /* Frameworks */,
				025C92A42AF8525C008B9ED8 /* Resources */,
			);
			buildRules = (
			);
			dependencies = (
			);
			name = OnDeviceUpp5;
			productName = OnDeviceUpp5;
			productReference = 025C92A62AF8525C008B9ED8 /* OnDeviceUpp5.app */;
			productType = "com.apple.product-type.application";
		};
/* End PBXNativeTarget section */

/* Begin PBXProject section */
		025C929E2AF8525C008B9ED8 /* Project object */ = {
			isa = PBXProject;
			attributes = {
				BuildIndependentTargetsInParallel = 1;
				LastSwiftUpdateCheck = 1500;
				LastUpgradeCheck = 1500;
				TargetAttributes = {
					025C92A52AF8525C008B9ED8 = {
						CreatedOnToolsVersion = 15.0;
					};
				};
			};
			buildConfigurationList = 025C92A12AF8525C008B9ED8 /* Build configuration list for PBXProject "OnDeviceUpp5" */;
			compatibilityVersion = "Xcode 14.0";
			developmentRegion = en;
			hasScannedForEncodings = 0;
			knownRegions = (
				en,
				Base,
			);
			mainGroup = 025C929D2AF8525C008B9ED8;
			productRefGroup = 025C92A72AF8525C008B9ED8 /* Products */;
			projectDirPath = "";
			projectRoot = "";
			targets = (
				025C92A52AF8525C008B9ED8 /* OnDeviceUpp5 */,
			);
		};
/* End PBXProject section */

/* Begin PBXResourcesBuildPhase section */
		025C92A42AF8525C008B9ED8 /* Resources */ = {
			isa = PBXResourcesBuildPhase;
			buildActionMask = 2147483647;
			files = (
				025C92B12AF8525E008B9ED8 /* Preview Assets.xcassets in Resources */,
				025C92AE2AF8525E008B9ED8 /* Assets.xcassets in Resources */,
			);
			runOnlyForDeploymentPostprocessing = 0;
		};
/* End PBXResourcesBuildPhase section */

/* Begin PBXSourcesBuildPhase section */
		025C92A22AF8525C008B9ED8 /* Sources */ = {
			isa = PBXSourcesBuildPhase;
			buildActionMask = 2147483647;
			files = (
				025C92BA2AF852CD008B9ED8 /* DoModel.swift in Sources */,
				025C92AC2AF8525C008B9ED8 /* ContentView.swift in Sources */,
				025C92B82AF85289008B9ED8 /* AnimalImageFinder.mlmodel in Sources */,
				025C92AA2AF8525C008B9ED8 /* OnDeviceUpp5App.swift in Sources */,
			);
			runOnlyForDeploymentPostprocessing = 0;
		};
/* End PBXSourcesBuildPhase section */

/* Begin XCBuildConfiguration section */
		025C92B22AF8525E008B9ED8 /* Debug */ = {
			isa = XCBuildConfiguration;
			buildSettings = {
				ALWAYS_SEARCH_USER_PATHS = NO;
				ASSETCATALOG_COMPILER_GENERATE_SWIFT_ASSET_SYMBOL_EXTENSIONS = YES;
				CLANG_ANALYZER_NONNULL = YES;
				CLANG_ANALYZER_NUMBER_OBJECT_CONVERSION = YES_AGGRESSIVE;
				CLANG_CXX_LANGUAGE_STANDARD = "gnu++20";
				CLANG_ENABLE_MODULES = YES;
				CLANG_ENABLE_OBJC_ARC = YES;
				CLANG_ENABLE_OBJC_WEAK = YES;
				CLANG_WARN_BLOCK_CAPTURE_AUTORELEASING = YES;
				CLANG_WARN_BOOL_CONVERSION = YES;
				CLANG_WARN_COMMA = YES;
				CLANG_WARN_CONSTANT_CONVERSION = YES;
				CLANG_WARN_DEPRECATED_OBJC_IMPLEMENTATIONS = YES;
				CLANG_WARN_DIRECT_OBJC_ISA_USAGE = YES_ERROR;
				CLANG_WARN_DOCUMENTATION_COMMENTS = YES;
				CLANG_WARN_EMPTY_BODY = YES;
				CLANG_WARN_ENUM_CONVERSION = YES;
				CLANG_WARN_INFINITE_RECURSION = YES;
				CLANG_WARN_INT_CONVERSION = YES;
				CLANG_WARN_NON_LITERAL_NULL_CONVERSION = YES;
				CLANG_WARN_OBJC_IMPLICIT_RETAIN_SELF = YES;
				CLANG_WARN_OBJC_LITERAL_CONVERSION = YES;
				CLANG_WARN_OBJC_ROOT_CLASS = YES_ERROR;
				CLANG_WARN_QUOTED_INCLUDE_IN_FRAMEWORK_HEADER = YES;
				CLANG_WARN_RANGE_LOOP_ANALYSIS = YES;
				CLANG_WARN_STRICT_PROTOTYPES = YES;
				CLANG_WARN_SUSPICIOUS_MOVE = YES;
				CLANG_WARN_UNGUARDED_AVAILABILITY = YES_AGGRESSIVE;
				CLANG_WARN_UNREACHABLE_CODE = YES;
				CLANG_WARN__DUPLICATE_METHOD_MATCH = YES;
				COPY_PHASE_STRIP = NO;
				DEBUG_INFORMATION_FORMAT = dwarf;
				ENABLE_STRICT_OBJC_MSGSEND = YES;
				ENABLE_TESTABILITY = YES;
				ENABLE_USER_SCRIPT_SANDBOXING = YES;
				GCC_C_LANGUAGE_STANDARD = gnu17;
				GCC_DYNAMIC_NO_PIC = NO;
				GCC_NO_COMMON_BLOCKS = YES;
				GCC_OPTIMIZATION_LEVEL = 0;
				GCC_PREPROCESSOR_DEFINITIONS = (
					"DEBUG=1",
					"$(inherited)",
				);
				GCC_WARN_64_TO_32_BIT_CONVERSION = YES;
				GCC_WARN_ABOUT_RETURN_TYPE = YES_ERROR;
				GCC_WARN_UNDECLARED_SELECTOR = YES;
				GCC_WARN_UNINITIALIZED_AUTOS = YES_AGGRESSIVE;
				GCC_WARN_UNUSED_FUNCTION = YES;
				GCC_WARN_UNUSED_VARIABLE = YES;
				IPHONEOS_DEPLOYMENT_TARGET = 17.0;
				LOCALIZATION_PREFERS_STRING_CATALOGS = YES;
				MTL_ENABLE_DEBUG_INFO = INCLUDE_SOURCE;
				MTL_FAST_MATH = YES;
				ONLY_ACTIVE_ARCH = YES;
				SDKROOT = iphoneos;
				SWIFT_ACTIVE_COMPILATION_CONDITIONS = "DEBUG $(inherited)";
				SWIFT_OPTIMIZATION_LEVEL = "-Onone";
			};
			name = Debug;
		};
		025C92B32AF8525E008B9ED8 /* Release */ = {
			isa = XCBuildConfiguration;
			buildSettings = {
				ALWAYS_SEARCH_USER_PATHS = NO;
				ASSETCATALOG_COMPILER_GENERATE_SWIFT_ASSET_SYMBOL_EXTENSIONS = YES;
				CLANG_ANALYZER_NONNULL = YES;
				CLANG_ANALYZER_NUMBER_OBJECT_CONVERSION = YES_AGGRESSIVE;
				CLANG_CXX_LANGUAGE_STANDARD = "gnu++20";
				CLANG_ENABLE_MODULES = YES;
				CLANG_ENABLE_OBJC_ARC = YES;
				CLANG_ENABLE_OBJC_WEAK = YES;
				CLANG_WARN_BLOCK_CAPTURE_AUTORELEASING = YES;
				CLANG_WARN_BOOL_CONVERSION = YES;
				CLANG_WARN_COMMA = YES;
				CLANG_WARN_CONSTANT_CONVERSION = YES;
				CLANG_WARN_DEPRECATED_OBJC_IMPLEMENTATIONS = YES;
				CLANG_WARN_DIRECT_OBJC_ISA_USAGE = YES_ERROR;
				CLANG_WARN_DOCUMENTATION_COMMENTS = YES;
				CLANG_WARN_EMPTY_BODY = YES;
				CLANG_WARN_ENUM_CONVERSION = YES;
				CLANG_WARN_INFINITE_RECURSION = YES;
				CLANG_WARN_INT_CONVERSION = YES;
				CLANG_WARN_NON_LITERAL_NULL_CONVERSION = YES;
				CLANG_WARN_OBJC_IMPLICIT_RETAIN_SELF = YES;
				CLANG_WARN_OBJC_LITERAL_CONVERSION = YES;
				CLANG_WARN_OBJC_ROOT_CLASS = YES_ERROR;
				CLANG_WARN_QUOTED_INCLUDE_IN_FRAMEWORK_HEADER = YES;
				CLANG_WARN_RANGE_LOOP_ANALYSIS = YES;
				CLANG_WARN_STRICT_PROTOTYPES = YES;
				CLANG_WARN_SUSPICIOUS_MOVE = YES;
				CLANG_WARN_UNGUARDED_AVAILABILITY = YES_AGGRESSIVE;
				CLANG_WARN_UNREACHABLE_CODE = YES;
				CLANG_WARN__DUPLICATE_METHOD_MATCH = YES;
				COPY_PHASE_STRIP = NO;
				DEBUG_INFORMATION_FORMAT = "dwarf-with-dsym";
				ENABLE_NS_ASSERTIONS = NO;
				ENABLE_STRICT_OBJC_MSGSEND = YES;
				ENABLE_USER_SCRIPT_SANDBOXING = YES;
				GCC_C_LANGUAGE_STANDARD = gnu17;
				GCC_NO_COMMON_BLOCKS = YES;
				GCC_WARN_64_TO_32_BIT_CONVERSION = YES;
				GCC_WARN_ABOUT_RETURN_TYPE = YES_ERROR;
				GCC_WARN_UNDECLARED_SELECTOR = YES;
				GCC_WARN_UNINITIALIZED_AUTOS = YES_AGGRESSIVE;
				GCC_WARN_UNUSED_FUNCTION = YES;
				GCC_WARN_UNUSED_VARIABLE = YES;
				IPHONEOS_DEPLOYMENT_TARGET = 17.0;
				LOCALIZATION_PREFERS_STRING_CATALOGS = YES;
				MTL_ENABLE_DEBUG_INFO = NO;
				MTL_FAST_MATH = YES;
				SDKROOT = iphoneos;
				SWIFT_COMPILATION_MODE = wholemodule;
				VALIDATE_PRODUCT = YES;
			};
			name = Release;
		};
		025C92B52AF8525E008B9ED8 /* Debug */ = {
			isa = XCBuildConfiguration;
			buildSettings = {
				ASSETCATALOG_COMPILER_APPICON_NAME = AppIcon;
				ASSETCATALOG_COMPILER_GLOBAL_ACCENT_COLOR_NAME = AccentColor;
				CODE_SIGN_STYLE = Automatic;
				CURRENT_PROJECT_VERSION = 1;
				DEVELOPMENT_ASSET_PATHS = "\"OnDeviceUpp5/Preview Content\"";
				DEVELOPMENT_TEAM = 5C2SW73G27;
				ENABLE_PREVIEWS = YES;
				GENERATE_INFOPLIST_FILE = YES;
				INFOPLIST_KEY_UIApplicationSceneManifest_Generation = YES;
				INFOPLIST_KEY_UIApplicationSupportsIndirectInputEvents = YES;
				INFOPLIST_KEY_UILaunchScreen_Generation = YES;
				INFOPLIST_KEY_UISupportedInterfaceOrientations_iPad = "UIInterfaceOrientationPortrait UIInterfaceOrientationPortraitUpsideDown UIInterfaceOrientationLandscapeLeft UIInterfaceOrientationLandscapeRight";
				INFOPLIST_KEY_UISupportedInterfaceOrientations_iPhone = "UIInterfaceOrientationPortrait UIInterfaceOrientationLandscapeLeft UIInterfaceOrientationLandscapeRight";
				IPHONEOS_DEPLOYMENT_TARGET = 16.0;
				LD_RUNPATH_SEARCH_PATHS = (
					"$(inherited)",
					"@executable_path/Frameworks",
				);
				MARKETING_VERSION = 1.0;
				PRODUCT_BUNDLE_IDENTIFIER = bshatri.OnDeviceUpp5;
				PRODUCT_NAME = "$(TARGET_NAME)";
				SWIFT_EMIT_LOC_STRINGS = YES;
				SWIFT_VERSION = 5.0;
				TARGETED_DEVICE_FAMILY = "1,2";
			};
			name = Debug;
		};
		025C92B62AF8525E008B9ED8 /* Release */ = {
			isa = XCBuildConfiguration;
			buildSettings = {
				ASSETCATALOG_COMPILER_APPICON_NAME = AppIcon;
				ASSETCATALOG_COMPILER_GLOBAL_ACCENT_COLOR_NAME = AccentColor;
				CODE_SIGN_STYLE = Automatic;
				CURRENT_PROJECT_VERSION = 1;
				DEVELOPMENT_ASSET_PATHS = "\"OnDeviceUpp5/Preview Content\"";
				DEVELOPMENT_TEAM = 5C2SW73G27;
				ENABLE_PREVIEWS = YES;
				GENERATE_INFOPLIST_FILE = YES;
				INFOPLIST_KEY_UIApplicationSceneManifest_Generation = YES;
				INFOPLIST_KEY_UIApplicationSupportsIndirectInputEvents = YES;
				INFOPLIST_KEY_UILaunchScreen_Generation = YES;
				INFOPLIST_KEY_UISupportedInterfaceOrientations_iPad = "UIInterfaceOrientationPortrait UIInterfaceOrientationPortraitUpsideDown UIInterfaceOrientationLandscapeLeft UIInterfaceOrientationLandscapeRight";
				INFOPLIST_KEY_UISupportedInterfaceOrientations_iPhone = "UIInterfaceOrientationPortrait UIInterfaceOrientationLandscapeLeft UIInterfaceOrientationLandscapeRight";
				IPHONEOS_DEPLOYMENT_TARGET = 16.0;
				LD_RUNPATH_SEARCH_PATHS = (
					"$(inherited)",
					"@executable_path/Frameworks",
				);
				MARKETING_VERSION = 1.0;
				PRODUCT_BUNDLE_IDENTIFIER = bshatri.OnDeviceUpp5;
				PRODUCT_NAME = "$(TARGET_NAME)";
				SWIFT_EMIT_LOC_STRINGS = YES;
				SWIFT_VERSION = 5.0;
				TARGETED_DEVICE_FAMILY = "1,2";
			};
			name = Release;
		};
/* End XCBuildConfiguration section */

/* Begin XCConfigurationList section */
		025C92A12AF8525C008B9ED8 /* Build configuration list for PBXProject "OnDeviceUpp5" */ = {
			isa = XCConfigurationList;
			buildConfigurations = (
				025C92B22AF8525E008B9ED8 /* Debug */,
				025C92B32AF8525E008B9ED8 /* Release */,
			);
			defaultConfigurationIsVisible = 0;
			defaultConfigurationName = Release;
		};
		025C92B42AF8525E008B9ED8 /* Build configuration list for PBXNativeTarget "OnDeviceUpp5" */ = {
			isa = XCConfigurationList;
			buildConfigurations = (
				025C92B52AF8525E008B9ED8 /* Debug */,
				025C92B62AF8525E008B9ED8 /* Release */,
			);
			defaultConfigurationIsVisible = 0;
			defaultConfigurationName = Release;
		};
/* End XCConfigurationList section */
	};
	rootObject = 025C929E2AF8525C008B9ED8 /* Project object */;
}
